// !$*UTF8*$!
{
	archiveVersion = 1;
	classes = {
	};
	objectVersion = 48;
	objects = {

/* Begin PBXBuildFile section */
		87A26A6C2027ED4500ACEE01 /* AppDelegate.swift in Sources */ = {isa = PBXBuildFile; fileRef = 87A26A6B2027ED4500ACEE01 /* AppDelegate.swift */; };
		87A26A6E2027ED4500ACEE01 /* ViewController.swift in Sources */ = {isa = PBXBuildFile; fileRef = 87A26A6D2027ED4500ACEE01 /* ViewController.swift */; };
		87A26A712027ED4500ACEE01 /* Main.storyboard in Resources */ = {isa = PBXBuildFile; fileRef = 87A26A6F2027ED4500ACEE01 /* Main.storyboard */; };
		87A26A732027ED4500ACEE01 /* Assets.xcassets in Resources */ = {isa = PBXBuildFile; fileRef = 87A26A722027ED4500ACEE01 /* Assets.xcassets */; };
		87A26A762027ED4500ACEE01 /* LaunchScreen.storyboard in Resources */ = {isa = PBXBuildFile; fileRef = 87A26A742027ED4500ACEE01 /* LaunchScreen.storyboard */; };
		87A26A80202BFA1800ACEE01 /* words.txt in Resources */ = {isa = PBXBuildFile; fileRef = 87A26A7F202BFA1800ACEE01 /* words.txt */; };
		E2DDA946F8E5821D08D7A042 /* Pods_wordCraze.framework in Frameworks */ = {isa = PBXBuildFile; fileRef = 5B8C8636C0E095B2416C304E /* Pods_wordCraze.framework */; };
/* End PBXBuildFile section */

/* Begin PBXFileReference section */
		268C74981F9BCB9FBC30ADFA /* Pods-wordCraze.debug.xcconfig */ = {isa = PBXFileReference; includeInIndex = 1; lastKnownFileType = text.xcconfig; name = "Pods-wordCraze.debug.xcconfig"; path = "Pods/Target Support Files/Pods-wordCraze/Pods-wordCraze.debug.xcconfig"; sourceTree = "<group>"; };
		5B8C8636C0E095B2416C304E /* Pods_wordCraze.framework */ = {isa = PBXFileReference; explicitFileType = wrapper.framework; includeInIndex = 0; path = Pods_wordCraze.framework; sourceTree = BUILT_PRODUCTS_DIR; };
		74ED09EBA92F65CF3C4F5AF8 /* Pods-wordCraze.release.xcconfig */ = {isa = PBXFileReference; includeInIndex = 1; lastKnownFileType = text.xcconfig; name = "Pods-wordCraze.release.xcconfig"; path = "Pods/Target Support Files/Pods-wordCraze/Pods-wordCraze.release.xcconfig"; sourceTree = "<group>"; };
		87A26A682027ED4500ACEE01 /* wordCraze.app */ = {isa = PBXFileReference; explicitFileType = wrapper.application; includeInIndex = 0; path = wordCraze.app; sourceTree = BUILT_PRODUCTS_DIR; };
		87A26A6B2027ED4500ACEE01 /* AppDelegate.swift */ = {isa = PBXFileReference; lastKnownFileType = sourcecode.swift; path = AppDelegate.swift; sourceTree = "<group>"; };
		87A26A6D2027ED4500ACEE01 /* ViewController.swift */ = {isa = PBXFileReference; lastKnownFileType = sourcecode.swift; path = ViewController.swift; sourceTree = "<group>"; };
		87A26A702027ED4500ACEE01 /* Base */ = {isa = PBXFileReference; lastKnownFileType = file.storyboard; name = Base; path = Base.lproj/Main.storyboard; sourceTree = "<group>"; };
		87A26A722027ED4500ACEE01 /* Assets.xcassets */ = {isa = PBXFileReference; lastKnownFileType = folder.assetcatalog; path = Assets.xcassets; sourceTree = "<group>"; };
		87A26A752027ED4500ACEE01 /* Base */ = {isa = PBXFileReference; lastKnownFileType = file.storyboard; name = Base; path = Base.lproj/LaunchScreen.storyboard; sourceTree = "<group>"; };
		87A26A772027ED4500ACEE01 /* Info.plist */ = {isa = PBXFileReference; lastKnownFileType = text.plist.xml; path = Info.plist; sourceTree = "<group>"; };
		87A26A7F202BFA1800ACEE01 /* words.txt */ = {isa = PBXFileReference; fileEncoding = 4; lastKnownFileType = text; path = words.txt; sourceTree = "<group>"; };
/* End PBXFileReference section */

/* Begin PBXFrameworksBuildPhase section */
		87A26A652027ED4500ACEE01 /* Frameworks */ = {
			isa = PBXFrameworksBuildPhase;
			buildActionMask = 2147483647;
			files = (
				E2DDA946F8E5821D08D7A042 /* Pods_wordCraze.framework in Frameworks */,
			);
			runOnlyForDeploymentPostprocessing = 0;
		};
/* End PBXFrameworksBuildPhase section */

/* Begin PBXGroup section */
		87A26A5F2027ED4500ACEE01 = {
			isa = PBXGroup;
			children = (
				87A26A6A2027ED4500ACEE01 /* wordCraze */,
				87A26A692027ED4500ACEE01 /* Products */,
				A2B3FE5DEF5AD44B10D8658D /* Pods */,
				F148B123648B7E72075A710F /* Frameworks */,
			);
			sourceTree = "<group>";
		};
		87A26A692027ED4500ACEE01 /* Products */ = {
			isa = PBXGroup;
			children = (
				87A26A682027ED4500ACEE01 /* wordCraze.app */,
			);
			name = Products;
			sourceTree = "<group>";
		};
		87A26A6A2027ED4500ACEE01 /* wordCraze */ = {
			isa = PBXGroup;
			children = (
				87A26A6B2027ED4500ACEE01 /* AppDelegate.swift */,
				87A26A6D2027ED4500ACEE01 /* ViewController.swift */,
				87A26A6F2027ED4500ACEE01 /* Main.storyboard */,
				87A26A722027ED4500ACEE01 /* Assets.xcassets */,
				87A26A742027ED4500ACEE01 /* LaunchScreen.storyboard */,
				87A26A772027ED4500ACEE01 /* Info.plist */,
				87A26A7F202BFA1800ACEE01 /* words.txt */,
			);
			path = wordCraze;
			sourceTree = "<group>";
		};
		A2B3FE5DEF5AD44B10D8658D /* Pods */ = {
			isa = PBXGroup;
			children = (
				268C74981F9BCB9FBC30ADFA /* Pods-wordCraze.debug.xcconfig */,
				74ED09EBA92F65CF3C4F5AF8 /* Pods-wordCraze.release.xcconfig */,
			);
			name = Pods;
			sourceTree = "<group>";
		};
		F148B123648B7E72075A710F /* Frameworks */ = {
			isa = PBXGroup;
			children = (
				5B8C8636C0E095B2416C304E /* Pods_wordCraze.framework */,
			);
			name = Frameworks;
			sourceTree = "<group>";
		};
/* End PBXGroup section */

/* Begin PBXNativeTarget section */
		87A26A672027ED4500ACEE01 /* wordCraze */ = {
			isa = PBXNativeTarget;
			buildConfigurationList = 87A26A7A2027ED4500ACEE01 /* Build configuration list for PBXNativeTarget "wordCraze" */;
			buildPhases = (
				FA672E92EE747355EDB79E94 /* [CP] Check Pods Manifest.lock */,
				87A26A642027ED4500ACEE01 /* Sources */,
				87A26A652027ED4500ACEE01 /* Frameworks */,
				87A26A662027ED4500ACEE01 /* Resources */,
				428002D6831AED20770EC033 /* [CP] Embed Pods Frameworks */,
				C46A14E0CDC4C7D316DE4092 /* [CP] Copy Pods Resources */,
			);
			buildRules = (
			);
			dependencies = (
			);
			name = wordCraze;
			productName = wordCraze;
			productReference = 87A26A682027ED4500ACEE01 /* wordCraze.app */;
			productType = "com.apple.product-type.application";
		};
/* End PBXNativeTarget section */

/* Begin PBXProject section */
		87A26A602027ED4500ACEE01 /* Project object */ = {
			isa = PBXProject;
			attributes = {
				LastSwiftUpdateCheck = 0920;
				LastUpgradeCheck = 0920;
				ORGANIZATIONNAME = "Li Zhang";
				TargetAttributes = {
					87A26A672027ED4500ACEE01 = {
						CreatedOnToolsVersion = 9.2;
						ProvisioningStyle = Automatic;
					};
				};
			};
			buildConfigurationList = 87A26A632027ED4500ACEE01 /* Build configuration list for PBXProject "wordCraze" */;
			compatibilityVersion = "Xcode 8.0";
			developmentRegion = en;
			hasScannedForEncodings = 0;
			knownRegions = (
				en,
				Base,
			);
			mainGroup = 87A26A5F2027ED4500ACEE01;
			productRefGroup = 87A26A692027ED4500ACEE01 /* Products */;
			projectDirPath = "";
			projectRoot = "";
			targets = (
				87A26A672027ED4500ACEE01 /* wordCraze */,
			);
		};
/* End PBXProject section */

/* Begin PBXResourcesBuildPhase section */
		87A26A662027ED4500ACEE01 /* Resources */ = {
			isa = PBXResourcesBuildPhase;
			buildActionMask = 2147483647;
			files = (
				87A26A762027ED4500ACEE01 /* LaunchScreen.storyboard in Resources */,
				87A26A732027ED4500ACEE01 /* Assets.xcassets in Resources */,
				87A26A80202BFA1800ACEE01 /* words.txt in Resources */,
				87A26A712027ED4500ACEE01 /* Main.storyboard in Resources */,
			);
			runOnlyForDeploymentPostprocessing = 0;
		};
/* End PBXResourcesBuildPhase section */

/* Begin PBXShellScriptBuildPhase section */
		428002D6831AED20770EC033 /* [CP] Embed Pods Frameworks */ = {
			isa = PBXShellScriptBuildPhase;
			buildActionMask = 2147483647;
			files = (
			);
			inputPaths = (
				"${SRCROOT}/Pods/Target Support Files/Pods-wordCraze/Pods-wordCraze-frameworks.sh",
				"${BUILT_PRODUCTS_DIR}/Alamofire/Alamofire.framework",
				"${BUILT_PRODUCTS_DIR}/SwiftyJSON/SwiftyJSON.framework",
			);
			name = "[CP] Embed Pods Frameworks";
			outputPaths = (
				"${TARGET_BUILD_DIR}/${FRAMEWORKS_FOLDER_PATH}/Alamofire.framework",
				"${TARGET_BUILD_DIR}/${FRAMEWORKS_FOLDER_PATH}/SwiftyJSON.framework",
			);
			runOnlyForDeploymentPostprocessing = 0;
			shellPath = /bin/sh;
			shellScript = "\"${SRCROOT}/Pods/Target Support Files/Pods-wordCraze/Pods-wordCraze-frameworks.sh\"\n";
			showEnvVarsInLog = 0;
		};
		C46A14E0CDC4C7D316DE4092 /* [CP] Copy Pods Resources */ = {
			isa = PBXShellScriptBuildPhase;
			buildActionMask = 2147483647;
			files = (
			);
			inputPaths = (
			);
			name = "[CP] Copy Pods Resources";
			outputPaths = (
			);
			runOnlyForDeploymentPostprocessing = 0;
			shellPath = /bin/sh;
			shellScript = "\"${SRCROOT}/Pods/Target Support Files/Pods-wordCraze/Pods-wordCraze-resources.sh\"\n";
			showEnvVarsInLog = 0;
		};
		FA672E92EE747355EDB79E94 /* [CP] Check Pods Manifest.lock */ = {
			isa = PBXShellScriptBuildPhase;
			buildActionMask = 2147483647;
			files = (
			);
			inputPaths = (
				"${PODS_PODFILE_DIR_PATH}/Podfile.lock",
				"${PODS_ROOT}/Manifest.lock",
			);
			name = "[CP] Check Pods Manifest.lock";
			outputPaths = (
				"$(DERIVED_FILE_DIR)/Pods-wordCraze-checkManifestLockResult.txt",
			);
			runOnlyForDeploymentPostprocessing = 0;
			shellPath = /bin/sh;
			shellScript = "diff \"${PODS_PODFILE_DIR_PATH}/Podfile.lock\" \"${PODS_ROOT}/Manifest.lock\" > /dev/null\nif [ $? != 0 ] ; then\n    # print error to STDERR\n    echo \"error: The sandbox is not in sync with the Podfile.lock. Run 'pod install' or update your CocoaPods installation.\" >&2\n    exit 1\nfi\n# This output is used by Xcode 'outputs' to avoid re-running this script phase.\necho \"SUCCESS\" > \"${SCRIPT_OUTPUT_FILE_0}\"\n";
			showEnvVarsInLog = 0;
		};
/* End PBXShellScriptBuildPhase section */

/* Begin PBXSourcesBuildPhase section */
		87A26A642027ED4500ACEE01 /* Sources */ = {
			isa = PBXSourcesBuildPhase;
			buildActionMask = 2147483647;
			files = (
				87A26A6E2027ED4500ACEE01 /* ViewController.swift in Sources */,
				87A26A6C2027ED4500ACEE01 /* AppDelegate.swift in Sources */,
			);
			runOnlyForDeploymentPostprocessing = 0;
		};
/* End PBXSourcesBuildPhase section */

/* Begin PBXVariantGroup section */
		87A26A6F2027ED4500ACEE01 /* Main.storyboard */ = {
			isa = PBXVariantGroup;
			children = (
				87A26A702027ED4500ACEE01 /* Base */,
			);
			name = Main.storyboard;
			sourceTree = "<group>";
		};
		87A26A742027ED4500ACEE01 /* LaunchScreen.storyboard */ = {
			isa = PBXVariantGroup;
			children = (
				87A26A752027ED4500ACEE01 /* Base */,
			);
			name = LaunchScreen.storyboard;
			sourceTree = "<group>";
		};
/* End PBXVariantGroup section */

/* Begin XCBuildConfiguration section */
		87A26A782027ED4500ACEE01 /* Debug */ = {
			isa = XCBuildConfiguration;
			buildSettings = {
				ALWAYS_SEARCH_USER_PATHS = NO;
				CLANG_ANALYZER_NONNULL = YES;
				CLANG_ANALYZER_NUMBER_OBJECT_CONVERSION = YES_AGGRESSIVE;
				CLANG_CXX_LANGUAGE_STANDARD = "gnu++14";
				CLANG_CXX_LIBRARY = "libc++";
				CLANG_ENABLE_MODULES = YES;
				CLANG_ENABLE_OBJC_ARC = YES;
				CLANG_WARN_BLOCK_CAPTURE_AUTORELEASING = YES;
				CLANG_WARN_BOOL_CONVERSION = YES;
				CLANG_WARN_COMMA = YES;
				CLANG_WARN_CONSTANT_CONVERSION = YES;
				CLANG_WARN_DIRECT_OBJC_ISA_USAGE = YES_ERROR;
				CLANG_WARN_DOCUMENTATION_COMMENTS = YES;
				CLANG_WARN_EMPTY_BODY = YES;
				CLANG_WARN_ENUM_CONVERSION = YES;
				CLANG_WARN_INFINITE_RECURSION = YES;
				CLANG_WARN_INT_CONVERSION = YES;
				CLANG_WARN_NON_LITERAL_NULL_CONVERSION = YES;
				CLANG_WARN_OBJC_LITERAL_CONVERSION = YES;
				CLANG_WARN_OBJC_ROOT_CLASS = YES_ERROR;
				CLANG_WARN_RANGE_LOOP_ANALYSIS = YES;
				CLANG_WARN_STRICT_PROTOTYPES = YES;
				CLANG_WARN_SUSPICIOUS_MOVE = YES;
				CLANG_WARN_UNGUARDED_AVAILABILITY = YES_AGGRESSIVE;
				CLANG_WARN_UNREACHABLE_CODE = YES;
				CLANG_WARN__DUPLICATE_METHOD_MATCH = YES;
				CODE_SIGN_IDENTITY = "iPhone Developer";
				COPY_PHASE_STRIP = NO;
				DEBUG_INFORMATION_FORMAT = dwarf;
				ENABLE_STRICT_OBJC_MSGSEND = YES;
				ENABLE_TESTABILITY = YES;
				GCC_C_LANGUAGE_STANDARD = gnu11;
				GCC_DYNAMIC_NO_PIC = NO;
				GCC_NO_COMMON_BLOCKS = YES;
				GCC_OPTIMIZATION_LEVEL = 0;
				GCC_PREPROCESSOR_DEFINITIONS = (
					"DEBUG=1",
					"$(inherited)",
				);
				GCC_WARN_64_TO_32_BIT_CONVERSION = YES;
				GCC_WARN_ABOUT_RETURN_TYPE = YES_ERROR;
				GCC_WARN_UNDECLARED_SELECTOR = YES;
				GCC_WARN_UNINITIALIZED_AUTOS = YES_AGGRESSIVE;
				GCC_WARN_UNUSED_FUNCTION = YES;
				GCC_WARN_UNUSED_VARIABLE = YES;
				IPHONEOS_DEPLOYMENT_TARGET = 11.2;
				MTL_ENABLE_DEBUG_INFO = YES;
				ONLY_ACTIVE_ARCH = YES;
				SDKROOT = iphoneos;
				SWIFT_ACTIVE_COMPILATION_CONDITIONS = DEBUG;
				SWIFT_OPTIMIZATION_LEVEL = "-Onone";
			};
			name = Debug;
		};
		87A26A792027ED4500ACEE01 /* Release */ = {
			isa = XCBuildConfiguration;
			buildSettings = {
				ALWAYS_SEARCH_USER_PATHS = NO;
				CLANG_ANALYZER_NONNULL = YES;
				CLANG_ANALYZER_NUMBER_OBJECT_CONVERSION = YES_AGGRESSIVE;
				CLANG_CXX_LANGUAGE_STANDARD = "gnu++14";
				CLANG_CXX_LIBRARY = "libc++";
				CLANG_ENABLE_MODULES = YES;
				CLANG_ENABLE_OBJC_ARC = YES;
				CLANG_WARN_BLOCK_CAPTURE_AUTORELEASING = YES;
				CLANG_WARN_BOOL_CONVERSION = YES;
				CLANG_WARN_COMMA = YES;
				CLANG_WARN_CONSTANT_CONVERSION = YES;
				CLANG_WARN_DIRECT_OBJC_ISA_USAGE = YES_ERROR;
				CLANG_WARN_DOCUMENTATION_COMMENTS = YES;
				CLANG_WARN_EMPTY_BODY = YES;
				CLANG_WARN_ENUM_CONVERSION = YES;
				CLANG_WARN_INFINITE_RECURSION = YES;
				CLANG_WARN_INT_CONVERSION = YES;
				CLANG_WARN_NON_LITERAL_NULL_CONVERSION = YES;
				CLANG_WARN_OBJC_LITERAL_CONVERSION = YES;
				CLANG_WARN_OBJC_ROOT_CLASS = YES_ERROR;
				CLANG_WARN_RANGE_LOOP_ANALYSIS = YES;
				CLANG_WARN_STRICT_PROTOTYPES = YES;
				CLANG_WARN_SUSPICIOUS_MOVE = YES;
				CLANG_WARN_UNGUARDED_AVAILABILITY = YES_AGGRESSIVE;
				CLANG_WARN_UNREACHABLE_CODE = YES;
				CLANG_WARN__DUPLICATE_METHOD_MATCH = YES;
				CODE_SIGN_IDENTITY = "iPhone Developer";
				COPY_PHASE_STRIP = NO;
				DEBUG_INFORMATION_FORMAT = "dwarf-with-dsym";
				ENABLE_NS_ASSERTIONS = NO;
				ENABLE_STRICT_OBJC_MSGSEND = YES;
				GCC_C_LANGUAGE_STANDARD = gnu11;
				GCC_NO_COMMON_BLOCKS = YES;
				GCC_WARN_64_TO_32_BIT_CONVERSION = YES;
				GCC_WARN_ABOUT_RETURN_TYPE = YES_ERROR;
				GCC_WARN_UNDECLARED_SELECTOR = YES;
				GCC_WARN_UNINITIALIZED_AUTOS = YES_AGGRESSIVE;
				GCC_WARN_UNUSED_FUNCTION = YES;
				GCC_WARN_UNUSED_VARIABLE = YES;
				IPHONEOS_DEPLOYMENT_TARGET = 11.2;
				MTL_ENABLE_DEBUG_INFO = NO;
				SDKROOT = iphoneos;
				SWIFT_OPTIMIZATION_LEVEL = "-Owholemodule";
				VALIDATE_PRODUCT = YES;
			};
			name = Release;
		};
		87A26A7B2027ED4500ACEE01 /* Debug */ = {
			isa = XCBuildConfiguration;
			baseConfigurationReference = 268C74981F9BCB9FBC30ADFA /* Pods-wordCraze.debug.xcconfig */;
			buildSettings = {
				ASSETCATALOG_COMPILER_APPICON_NAME = AppIcon;
				CODE_SIGN_STYLE = Automatic;
				DEVELOPMENT_TEAM = 97UR4JD24G;
				INFOPLIST_FILE = wordCraze/Info.plist;
				LD_RUNPATH_SEARCH_PATHS = "$(inherited) @executable_path/Frameworks";
				PRODUCT_BUNDLE_IDENTIFIER = com.lz.wordCraze;
				PRODUCT_NAME = "$(TARGET_NAME)";
				SWIFT_VERSION = 4.0;
				TARGETED_DEVICE_FAMILY = "1,2";
			};
			name = Debug;
		};
		87A26A7C2027ED4500ACEE01 /* Release */ = {
			isa = XCBuildConfiguration;
			baseConfigurationReference = 74ED09EBA92F65CF3C4F5AF8 /* Pods-wordCraze.release.xcconfig */;
			buildSettings = {
				ASSETCATALOG_COMPILER_APPICON_NAME = AppIcon;
				CODE_SIGN_STYLE = Automatic;
				DEVELOPMENT_TEAM = 97UR4JD24G;
				INFOPLIST_FILE = wordCraze/Info.plist;
				LD_RUNPATH_SEARCH_PATHS = "$(inherited) @executable_path/Frameworks";
				PRODUCT_BUNDLE_IDENTIFIER = com.lz.wordCraze;
				PRODUCT_NAME = "$(TARGET_NAME)";
				SWIFT_VERSION = 4.0;
				TARGETED_DEVICE_FAMILY = "1,2";
			};
			name = Release;
		};
/* End XCBuildConfiguration section */

/* Begin XCConfigurationList section */
		87A26A632027ED4500ACEE01 /* Build configuration list for PBXProject "wordCraze" */ = {
			isa = XCConfigurationList;
			buildConfigurations = (
				87A26A782027ED4500ACEE01 /* Debug */,
				87A26A792027ED4500ACEE01 /* Release */,
			);
			defaultConfigurationIsVisible = 0;
			defaultConfigurationName = Release;
		};
		87A26A7A2027ED4500ACEE01 /* Build configuration list for PBXNativeTarget "wordCraze" */ = {
			isa = XCConfigurationList;
			buildConfigurations = (
				87A26A7B2027ED4500ACEE01 /* Debug */,
				87A26A7C2027ED4500ACEE01 /* Release */,
			);
			defaultConfigurationIsVisible = 0;
			defaultConfigurationName = Release;
		};
/* End XCConfigurationList section */
	};
	rootObject = 87A26A602027ED4500ACEE01 /* Project object */;
}
